
Microsoft Visual Studio Solution File, Format Version 12.00
# Visual Studio Version 16
VisualStudioVersion = 16.0.29324.140
MinimumVisualStudioVersion = 15.0.26124.0
Project("{FAE04EC0-301F-11D3-BF4B-00C04F79EFBC}") = "TemplateEngine.Cli", "TemplateEngine.Cli\TemplateEngine.Cli.csproj", "{D88FD60E-AC56-4932-95A4-DF9AE5842052}"
EndProject
Global
	GlobalSection(SolutionConfigurationPlatforms) = preSolution
		Debug|Any CPU = Debug|Any CPU
		Debug|x64 = Debug|x64
		Debug|x86 = Debug|x86
		Release|Any CPU = Release|Any CPU
		Release|x64 = Release|x64
		Release|x86 = Release|x86
	EndGlobalSection
	GlobalSection(ProjectConfigurationPlatforms) = postSolution
		{D88FD60E-AC56-4932-95A4-DF9AE5842052}.Debug|Any CPU.ActiveCfg = Debug|Any CPU
		{D88FD60E-AC56-4932-95A4-DF9AE5842052}.Debug|Any CPU.Build.0 = Debug|Any CPU
		{D88FD60E-AC56-4932-95A4-DF9AE5842052}.Debug|x64.ActiveCfg = Debug|Any CPU
		{D88FD60E-AC56-4932-95A4-DF9AE5842052}.Debug|x64.Build.0 = Debug|Any CPU
		{D88FD60E-AC56-4932-95A4-DF9AE5842052}.Debug|x86.ActiveCfg = Debug|Any CPU
		{D88FD60E-AC56-4932-95A4-DF9AE5842052}.Debug|x86.Build.0 = Debug|Any CPU
		{D88FD60E-AC56-4932-95A4-DF9AE5842052}.Release|Any CPU.ActiveCfg = Release|Any CPU
		{D88FD60E-AC56-4932-95A4-DF9AE5842052}.Release|Any CPU.Build.0 = Release|Any CPU
		{D88FD60E-AC56-4932-95A4-DF9AE5842052}.Release|x64.ActiveCfg = Release|Any CPU
		{D88FD60E-AC56-4932-95A4-DF9AE5842052}.Release|x64.Build.0 = Release|Any CPU
		{D88FD60E-AC56-4932-95A4-DF9AE5842052}.Release|x86.ActiveCfg = Release|Any CPU
		{D88FD60E-AC56-4932-95A4-DF9AE5842052}.Release|x86.Build.0 = Release|Any CPU
	EndGlobalSection
	GlobalSection(SolutionProperties) = preSolution
		HideSolutionNode = FALSE
	EndGlobalSection
	GlobalSection(ExtensibilityGlobals) = postSolution
		SolutionGuid = {A2AFEBDF-1E45-4A20-A8FD-C5E52BAE6B3E}
	EndGlobalSection
EndGlobal
